
Microsoft Visual Studio Solution File, Format Version 12.00
# Visual Studio Version 16
VisualStudioVersion = 16.0.31410.357
MinimumVisualStudioVersion = 10.0.40219.1
Project("{9A19103F-16F7-4668-BE54-9A1E7A4F7556}") = "Sockman", "Sockman\Sockman.csproj", "{EA218584-6C30-4C77-ABD5-53071E9C3B32}"
EndProject
Project("{54435603-DBB4-11D2-8724-00A0C9A8B90C}") = "Sockman.Setup", "Sockman.Setup\Sockman.Setup.vdproj", "{477FC009-284F-4859-BFC0-F3B32D9204E9}"
EndProject
Project("{9A19103F-16F7-4668-BE54-9A1E7A4F7556}") = "Sockman.Mock", "Sockman.Mock\Sockman.Mock.csproj", "{2AB63BE6-EB3A-4BF3-B434-C5C0FD784BC0}"
EndProject
Project("{9A19103F-16F7-4668-BE54-9A1E7A4F7556}") = "Sockman.Mock.Web", "Sockman.Mock.Web\Sockman.Mock.Web.csproj", "{7007499C-8B94-46D6-81B8-BDB0598635CA}"
EndProject
Project("{FAE04EC0-301F-11D3-BF4B-00C04F79EFBC}") = "Sockman.Mock.Tcp", "Sockman.Mock.Tcp\Sockman.Mock.Tcp.csproj", "{39736B32-4BBB-4DE1-BAA6-302AAF09C052}"
EndProject
Project("{FAE04EC0-301F-11D3-BF4B-00C04F79EFBC}") = "Sockman.Mock.Udp", "Sockman.Mock.Udp\Sockman.Mock.Udp.csproj", "{A0C66C22-11A5-4AA0-95CC-DCBB9493A18B}"
EndProject
Global
	GlobalSection(SolutionConfigurationPlatforms) = preSolution
		Debug|Any CPU = Debug|Any CPU
		Release|Any CPU = Release|Any CPU
	EndGlobalSection
	GlobalSection(ProjectConfigurationPlatforms) = postSolution
		{EA218584-6C30-4C77-ABD5-53071E9C3B32}.Debug|Any CPU.ActiveCfg = Debug|Any CPU
		{EA218584-6C30-4C77-ABD5-53071E9C3B32}.Debug|Any CPU.Build.0 = Debug|Any CPU
		{EA218584-6C30-4C77-ABD5-53071E9C3B32}.Release|Any CPU.ActiveCfg = Release|Any CPU
		{EA218584-6C30-4C77-ABD5-53071E9C3B32}.Release|Any CPU.Build.0 = Release|Any CPU
		{477FC009-284F-4859-BFC0-F3B32D9204E9}.Debug|Any CPU.ActiveCfg = Debug
		{477FC009-284F-4859-BFC0-F3B32D9204E9}.Release|Any CPU.ActiveCfg = Release
		{2AB63BE6-EB3A-4BF3-B434-C5C0FD784BC0}.Debug|Any CPU.ActiveCfg = Debug|Any CPU
		{2AB63BE6-EB3A-4BF3-B434-C5C0FD784BC0}.Debug|Any CPU.Build.0 = Debug|Any CPU
		{2AB63BE6-EB3A-4BF3-B434-C5C0FD784BC0}.Release|Any CPU.ActiveCfg = Release|Any CPU
		{2AB63BE6-EB3A-4BF3-B434-C5C0FD784BC0}.Release|Any CPU.Build.0 = Release|Any CPU
		{7007499C-8B94-46D6-81B8-BDB0598635CA}.Debug|Any CPU.ActiveCfg = Debug|Any CPU
		{7007499C-8B94-46D6-81B8-BDB0598635CA}.Debug|Any CPU.Build.0 = Debug|Any CPU
		{7007499C-8B94-46D6-81B8-BDB0598635CA}.Release|Any CPU.ActiveCfg = Release|Any CPU
		{7007499C-8B94-46D6-81B8-BDB0598635CA}.Release|Any CPU.Build.0 = Release|Any CPU
		{39736B32-4BBB-4DE1-BAA6-302AAF09C052}.Debug|Any CPU.ActiveCfg = Debug|Any CPU
		{39736B32-4BBB-4DE1-BAA6-302AAF09C052}.Debug|Any CPU.Build.0 = Debug|Any CPU
		{39736B32-4BBB-4DE1-BAA6-302AAF09C052}.Release|Any CPU.ActiveCfg = Release|Any CPU
		{39736B32-4BBB-4DE1-BAA6-302AAF09C052}.Release|Any CPU.Build.0 = Release|Any CPU
		{A0C66C22-11A5-4AA0-95CC-DCBB9493A18B}.Debug|Any CPU.ActiveCfg = Debug|Any CPU
		{A0C66C22-11A5-4AA0-95CC-DCBB9493A18B}.Debug|Any CPU.Build.0 = Debug|Any CPU
		{A0C66C22-11A5-4AA0-95CC-DCBB9493A18B}.Release|Any CPU.ActiveCfg = Release|Any CPU
		{A0C66C22-11A5-4AA0-95CC-DCBB9493A18B}.Release|Any CPU.Build.0 = Release|Any CPU
	EndGlobalSection
	GlobalSection(SolutionProperties) = preSolution
		HideSolutionNode = FALSE
	EndGlobalSection
	GlobalSection(ExtensibilityGlobals) = postSolution
		SolutionGuid = {3BA35E30-3B40-4D60-86DF-2679E6430112}
	EndGlobalSection
EndGlobal
